
Microsoft Visual Studio Solution File, Format Version 12.00
# Visual Studio Version 16
VisualStudioVersion = 16.0.31624.102
MinimumVisualStudioVersion = 10.0.40219.1
Project("{FAE04EC0-301F-11D3-BF4B-00C04F79EFBC}") = "SilverwareCodingTest", "SilverwareCodingTest\SilverwareCodingTest.csproj", "{B23059B4-F42C-4062-8D04-2F394CE37F4A}"
EndProject
Global
	GlobalSection(SolutionConfigurationPlatforms) = preSolution
		Debug|Any CPU = Debug|Any CPU
		Release|Any CPU = Release|Any CPU
	EndGlobalSection
	GlobalSection(ProjectConfigurationPlatforms) = postSolution
		{B23059B4-F42C-4062-8D04-2F394CE37F4A}.Debug|Any CPU.ActiveCfg = Debug|Any CPU
		{B23059B4-F42C-4062-8D04-2F394CE37F4A}.Debug|Any CPU.Build.0 = Debug|Any CPU
		{B23059B4-F42C-4062-8D04-2F394CE37F4A}.Release|Any CPU.ActiveCfg = Release|Any CPU
		{B23059B4-F42C-4062-8D04-2F394CE37F4A}.Release|Any CPU.Build.0 = Release|Any CPU
	EndGlobalSection
	GlobalSection(SolutionProperties) = preSolution
		HideSolutionNode = FALSE
	EndGlobalSection
	GlobalSection(ExtensibilityGlobals) = postSolution
		SolutionGuid = {E6E92BFB-7EA0-4688-B605-13CC96AC73A3}
	EndGlobalSection
EndGlobal
